
Microsoft Visual Studio Solution File, Format Version 12.00
# Visual Studio Version 17
VisualStudioVersion = 17.0.31903.59
MinimumVisualStudioVersion = 10.0.40219.1
Project("{2150E333-8FDC-42A3-9474-1A3956D46DE8}") = "src", "src", "{827E0CD3-B72D-47B6-A68D-7590B98EB39B}"
EndProject
Project("{FAE04EC0-301F-11D3-BF4B-00C04F79EFBC}") = "Expenses", "src\Expenses\Expenses.csproj", "{3B59471C-382E-4148-A39E-8C9B5B2443A9}"
EndProject
Project("{2150E333-8FDC-42A3-9474-1A3956D46DE8}") = "tests", "tests", "{0AB3BF05-4346-4AA6-1389-037BE0695223}"
EndProject
Project("{FAE04EC0-301F-11D3-BF4B-00C04F79EFBC}") = "Expenses.Tests", "tests\Expenses.Tests\Expenses.Tests.csproj", "{1AC5B2C4-7EEA-4337-84E1-C6E383F32FF1}"
EndProject
Global
	GlobalSection(SolutionConfigurationPlatforms) = preSolution
		Debug|Any CPU = Debug|Any CPU
		Debug|x64 = Debug|x64
		Debug|x86 = Debug|x86
		Release|Any CPU = Release|Any CPU
		Release|x64 = Release|x64
		Release|x86 = Release|x86
	EndGlobalSection
	GlobalSection(ProjectConfigurationPlatforms) = postSolution
		{3B59471C-382E-4148-A39E-8C9B5B2443A9}.Debug|Any CPU.ActiveCfg = Debug|Any CPU
		{3B59471C-382E-4148-A39E-8C9B5B2443A9}.Debug|Any CPU.Build.0 = Debug|Any CPU
		{3B59471C-382E-4148-A39E-8C9B5B2443A9}.Debug|x64.ActiveCfg = Debug|Any CPU
		{3B59471C-382E-4148-A39E-8C9B5B2443A9}.Debug|x64.Build.0 = Debug|Any CPU
		{3B59471C-382E-4148-A39E-8C9B5B2443A9}.Debug|x86.ActiveCfg = Debug|Any CPU
		{3B59471C-382E-4148-A39E-8C9B5B2443A9}.Debug|x86.Build.0 = Debug|Any CPU
		{3B59471C-382E-4148-A39E-8C9B5B2443A9}.Release|Any CPU.ActiveCfg = Release|Any CPU
		{3B59471C-382E-4148-A39E-8C9B5B2443A9}.Release|Any CPU.Build.0 = Release|Any CPU
		{3B59471C-382E-4148-A39E-8C9B5B2443A9}.Release|x64.ActiveCfg = Release|Any CPU
		{3B59471C-382E-4148-A39E-8C9B5B2443A9}.Release|x64.Build.0 = Release|Any CPU
		{3B59471C-382E-4148-A39E-8C9B5B2443A9}.Release|x86.ActiveCfg = Release|Any CPU
		{3B59471C-382E-4148-A39E-8C9B5B2443A9}.Release|x86.Build.0 = Release|Any CPU
		{1AC5B2C4-7EEA-4337-84E1-C6E383F32FF1}.Debug|Any CPU.ActiveCfg = Debug|Any CPU
		{1AC5B2C4-7EEA-4337-84E1-C6E383F32FF1}.Debug|Any CPU.Build.0 = Debug|Any CPU
		{1AC5B2C4-7EEA-4337-84E1-C6E383F32FF1}.Debug|x64.ActiveCfg = Debug|Any CPU
		{1AC5B2C4-7EEA-4337-84E1-C6E383F32FF1}.Debug|x64.Build.0 = Debug|Any CPU
		{1AC5B2C4-7EEA-4337-84E1-C6E383F32FF1}.Debug|x86.ActiveCfg = Debug|Any CPU
		{1AC5B2C4-7EEA-4337-84E1-C6E383F32FF1}.Debug|x86.Build.0 = Debug|Any CPU
		{1AC5B2C4-7EEA-4337-84E1-C6E383F32FF1}.Release|Any CPU.ActiveCfg = Release|Any CPU
		{1AC5B2C4-7EEA-4337-84E1-C6E383F32FF1}.Release|Any CPU.Build.0 = Release|Any CPU
		{1AC5B2C4-7EEA-4337-84E1-C6E383F32FF1}.Release|x64.ActiveCfg = Release|Any CPU
		{1AC5B2C4-7EEA-4337-84E1-C6E383F32FF1}.Release|x64.Build.0 = Release|Any CPU
		{1AC5B2C4-7EEA-4337-84E1-C6E383F32FF1}.Release|x86.ActiveCfg = Release|Any CPU
		{1AC5B2C4-7EEA-4337-84E1-C6E383F32FF1}.Release|x86.Build.0 = Release|Any CPU
	EndGlobalSection
	GlobalSection(SolutionProperties) = preSolution
		HideSolutionNode = FALSE
	EndGlobalSection
	GlobalSection(NestedProjects) = preSolution
		{3B59471C-382E-4148-A39E-8C9B5B2443A9} = {827E0CD3-B72D-47B6-A68D-7590B98EB39B}
		{1AC5B2C4-7EEA-4337-84E1-C6E383F32FF1} = {0AB3BF05-4346-4AA6-1389-037BE0695223}
	EndGlobalSection
EndGlobal
